// !$*UTF8*$!
{
	archiveVersion = 1;
	classes = {
	};
	objectVersion = 56;
	objects = {

/* Begin PBXBuildFile section */
		92303D892A0E851B00C3CA9C /* menuBarIcon-B@2x.png in Resources */ = {isa = PBXBuildFile; fileRef = 92303D882A0E851B00C3CA9C /* menuBarIcon-B@2x.png */; };
		92303D8B2A0E85D000C3CA9C /* menuBarIcon-W@2x.png in Resources */ = {isa = PBXBuildFile; fileRef = 92303D8A2A0E85D000C3CA9C /* menuBarIcon-W@2x.png */; };
		92303D8D2A0E8BCE00C3CA9C /* PreferencesWindow.swift in Sources */ = {isa = PBXBuildFile; fileRef = 92303D8C2A0E8BCE00C3CA9C /* PreferencesWindow.swift */; };
		92303D8F2A0E8D8E00C3CA9C /* Red Ocher in Resources */ = {isa = PBXBuildFile; fileRef = 92303D8E2A0E8D8E00C3CA9C /* Red Ocher */; };
		926F972A2A0E3D17007B9555 /* Red_OcherApp.swift in Sources */ = {isa = PBXBuildFile; fileRef = 926F97292A0E3D17007B9555 /* Red_OcherApp.swift */; };
		926F972C2A0E3D17007B9555 /* ContentView.swift in Sources */ = {isa = PBXBuildFile; fileRef = 926F972B2A0E3D17007B9555 /* ContentView.swift */; };
		926F972E2A0E3D18007B9555 /* Assets.xcassets in Resources */ = {isa = PBXBuildFile; fileRef = 926F972D2A0E3D18007B9555 /* Assets.xcassets */; };
		926F97312A0E3D18007B9555 /* Preview Assets.xcassets in Resources */ = {isa = PBXBuildFile; fileRef = 926F97302A0E3D18007B9555 /* Preview Assets.xcassets */; };
		926F97492A0E65D9007B9555 /* mac-32.png in Resources */ = {isa = PBXBuildFile; fileRef = 926F97422A0E65D9007B9555 /* mac-32.png */; };
		926F974A2A0E65D9007B9555 /* mac-16.png in Resources */ = {isa = PBXBuildFile; fileRef = 926F97432A0E65D9007B9555 /* mac-16.png */; };
		926F974B2A0E65D9007B9555 /* mac-256.png in Resources */ = {isa = PBXBuildFile; fileRef = 926F97442A0E65D9007B9555 /* mac-256.png */; };
		926F974C2A0E65D9007B9555 /* mac-128.png in Resources */ = {isa = PBXBuildFile; fileRef = 926F97452A0E65D9007B9555 /* mac-128.png */; };
		926F974D2A0E65D9007B9555 /* AppStore@2x.png in Resources */ = {isa = PBXBuildFile; fileRef = 926F97462A0E65D9007B9555 /* AppStore@2x.png */; };
		926F974E2A0E65D9007B9555 /* AppStore.png in Resources */ = {isa = PBXBuildFile; fileRef = 926F97472A0E65D9007B9555 /* AppStore.png */; };
		926F974F2A0E65D9007B9555 /* mac-64.png in Resources */ = {isa = PBXBuildFile; fileRef = 926F97482A0E65D9007B9555 /* mac-64.png */; };
/* End PBXBuildFile section */

/* Begin PBXFileReference section */
		92303D882A0E851B00C3CA9C /* menuBarIcon-B@2x.png */ = {isa = PBXFileReference; lastKnownFileType = image.png; name = "menuBarIcon-B@2x.png"; path = "Red Ocher/menuBarIcon-B@2x.png"; sourceTree = SOURCE_ROOT; };
		92303D8A2A0E85D000C3CA9C /* menuBarIcon-W@2x.png */ = {isa = PBXFileReference; lastKnownFileType = image.png; path = "menuBarIcon-W@2x.png"; sourceTree = "<group>"; };
		92303D8C2A0E8BCE00C3CA9C /* PreferencesWindow.swift */ = {isa = PBXFileReference; lastKnownFileType = sourcecode.swift; path = PreferencesWindow.swift; sourceTree = "<group>"; };
		92303D8E2A0E8D8E00C3CA9C /* Red Ocher */ = {isa = PBXFileReference; lastKnownFileType = folder; name = "Red Ocher"; sourceTree = "<group>"; };
		926F97262A0E3D17007B9555 /* Red Ocher.app */ = {isa = PBXFileReference; explicitFileType = wrapper.application; includeInIndex = 0; path = "Red Ocher.app"; sourceTree = BUILT_PRODUCTS_DIR; };
		926F97292A0E3D17007B9555 /* Red_OcherApp.swift */ = {isa = PBXFileReference; lastKnownFileType = sourcecode.swift; path = Red_OcherApp.swift; sourceTree = "<group>"; };
		926F972B2A0E3D17007B9555 /* ContentView.swift */ = {isa = PBXFileReference; lastKnownFileType = sourcecode.swift; path = ContentView.swift; sourceTree = "<group>"; };
		926F972D2A0E3D18007B9555 /* Assets.xcassets */ = {isa = PBXFileReference; lastKnownFileType = folder.assetcatalog; path = Assets.xcassets; sourceTree = "<group>"; };
		926F97302A0E3D18007B9555 /* Preview Assets.xcassets */ = {isa = PBXFileReference; lastKnownFileType = folder.assetcatalog; path = "Preview Assets.xcassets"; sourceTree = "<group>"; };
		926F97322A0E3D18007B9555 /* Red_Ocher.entitlements */ = {isa = PBXFileReference; lastKnownFileType = text.plist.entitlements; path = Red_Ocher.entitlements; sourceTree = "<group>"; };
		926F97422A0E65D9007B9555 /* mac-32.png */ = {isa = PBXFileReference; lastKnownFileType = image.png; name = "mac-32.png"; path = "../../pCloud Drive/Red Ocher/macIcon/mac-32.png"; sourceTree = "<group>"; };
		926F97432A0E65D9007B9555 /* mac-16.png */ = {isa = PBXFileReference; lastKnownFileType = image.png; name = "mac-16.png"; path = "../../pCloud Drive/Red Ocher/macIcon/mac-16.png"; sourceTree = "<group>"; };
		926F97442A0E65D9007B9555 /* mac-256.png */ = {isa = PBXFileReference; lastKnownFileType = image.png; name = "mac-256.png"; path = "../../pCloud Drive/Red Ocher/macIcon/mac-256.png"; sourceTree = "<group>"; };
		926F97452A0E65D9007B9555 /* mac-128.png */ = {isa = PBXFileReference; lastKnownFileType = image.png; name = "mac-128.png"; path = "../../pCloud Drive/Red Ocher/macIcon/mac-128.png"; sourceTree = "<group>"; };
		926F97462A0E65D9007B9555 /* AppStore@2x.png */ = {isa = PBXFileReference; lastKnownFileType = image.png; name = "AppStore@2x.png"; path = "../../pCloud Drive/Red Ocher/macIcon/AppStore@2x.png"; sourceTree = "<group>"; };
		926F97472A0E65D9007B9555 /* AppStore.png */ = {isa = PBXFileReference; lastKnownFileType = image.png; name = AppStore.png; path = "../../pCloud Drive/Red Ocher/macIcon/AppStore.png"; sourceTree = "<group>"; };
		926F97482A0E65D9007B9555 /* mac-64.png */ = {isa = PBXFileReference; lastKnownFileType = image.png; name = "mac-64.png"; path = "../../pCloud Drive/Red Ocher/macIcon/mac-64.png"; sourceTree = "<group>"; };
/* End PBXFileReference section */

/* Begin PBXFrameworksBuildPhase section */
		926F97232A0E3D17007B9555 /* Frameworks */ = {
			isa = PBXFrameworksBuildPhase;
			buildActionMask = 2147483647;
			files = (
			);
			runOnlyForDeploymentPostprocessing = 0;
		};
/* End PBXFrameworksBuildPhase section */

/* Begin PBXGroup section */
		926F971D2A0E3D17007B9555 = {
			isa = PBXGroup;
			children = (
				926F97282A0E3D17007B9555 /* Red Ocher */,
				926F97272A0E3D17007B9555 /* Products */,
			);
			sourceTree = "<group>";
		};
		926F97272A0E3D17007B9555 /* Products */ = {
			isa = PBXGroup;
			children = (
				926F97262A0E3D17007B9555 /* Red Ocher.app */,
			);
			name = Products;
			sourceTree = "<group>";
		};
		926F97282A0E3D17007B9555 /* Red Ocher */ = {
			isa = PBXGroup;
			children = (
				926F97292A0E3D17007B9555 /* Red_OcherApp.swift */,
				92303D8C2A0E8BCE00C3CA9C /* PreferencesWindow.swift */,
				926F972B2A0E3D17007B9555 /* ContentView.swift */,
				926F972D2A0E3D18007B9555 /* Assets.xcassets */,
				926F97472A0E65D9007B9555 /* AppStore.png */,
				926F97462A0E65D9007B9555 /* AppStore@2x.png */,
				926F97432A0E65D9007B9555 /* mac-16.png */,
				926F97422A0E65D9007B9555 /* mac-32.png */,
				926F97482A0E65D9007B9555 /* mac-64.png */,
				926F97452A0E65D9007B9555 /* mac-128.png */,
				926F97442A0E65D9007B9555 /* mac-256.png */,
				926F97322A0E3D18007B9555 /* Red_Ocher.entitlements */,
				92303D8A2A0E85D000C3CA9C /* menuBarIcon-W@2x.png */,
				92303D882A0E851B00C3CA9C /* menuBarIcon-B@2x.png */,
				926F972F2A0E3D18007B9555 /* Preview Content */,
				92303D8E2A0E8D8E00C3CA9C /* Red Ocher */,
			);
			path = "Red Ocher";
			sourceTree = "<group>";
		};
		926F972F2A0E3D18007B9555 /* Preview Content */ = {
			isa = PBXGroup;
			children = (
				926F97302A0E3D18007B9555 /* Preview Assets.xcassets */,
			);
			path = "Preview Content";
			sourceTree = "<group>";
		};
/* End PBXGroup section */

/* Begin PBXNativeTarget section */
		926F97252A0E3D17007B9555 /* Red Ocher */ = {
			isa = PBXNativeTarget;
			buildConfigurationList = 926F97352A0E3D18007B9555 /* Build configuration list for PBXNativeTarget "Red Ocher" */;
			buildPhases = (
				926F97222A0E3D17007B9555 /* Sources */,
				926F97232A0E3D17007B9555 /* Frameworks */,
				926F97242A0E3D17007B9555 /* Resources */,
			);
			buildRules = (
			);
			dependencies = (
			);
			name = "Red Ocher";
			productName = "Red Ocher";
			productReference = 926F97262A0E3D17007B9555 /* Red Ocher.app */;
			productType = "com.apple.product-type.application";
		};
/* End PBXNativeTarget section */

/* Begin PBXProject section */
		926F971E2A0E3D17007B9555 /* Project object */ = {
			isa = PBXProject;
			attributes = {
				BuildIndependentTargetsInParallel = 1;
				LastSwiftUpdateCheck = 1420;
				LastUpgradeCheck = 1420;
				TargetAttributes = {
					926F97252A0E3D17007B9555 = {
						CreatedOnToolsVersion = 14.2;
					};
				};
			};
			buildConfigurationList = 926F97212A0E3D17007B9555 /* Build configuration list for PBXProject "Red Ocher" */;
			compatibilityVersion = "Xcode 14.0";
			developmentRegion = en;
			hasScannedForEncodings = 0;
			knownRegions = (
				en,
				Base,
			);
			mainGroup = 926F971D2A0E3D17007B9555;
			productRefGroup = 926F97272A0E3D17007B9555 /* Products */;
			projectDirPath = "";
			projectRoot = "";
			targets = (
				926F97252A0E3D17007B9555 /* Red Ocher */,
			);
		};
/* End PBXProject section */

/* Begin PBXResourcesBuildPhase section */
		926F97242A0E3D17007B9555 /* Resources */ = {
			isa = PBXResourcesBuildPhase;
			buildActionMask = 2147483647;
			files = (
				926F974A2A0E65D9007B9555 /* mac-16.png in Resources */,
				926F97312A0E3D18007B9555 /* Preview Assets.xcassets in Resources */,
				926F974B2A0E65D9007B9555 /* mac-256.png in Resources */,
				926F974E2A0E65D9007B9555 /* AppStore.png in Resources */,
				926F972E2A0E3D18007B9555 /* Assets.xcassets in Resources */,
				92303D8F2A0E8D8E00C3CA9C /* Red Ocher in Resources */,
				926F974C2A0E65D9007B9555 /* mac-128.png in Resources */,
				92303D8B2A0E85D000C3CA9C /* menuBarIcon-W@2x.png in Resources */,
				926F97492A0E65D9007B9555 /* mac-32.png in Resources */,
				92303D892A0E851B00C3CA9C /* menuBarIcon-B@2x.png in Resources */,
				926F974F2A0E65D9007B9555 /* mac-64.png in Resources */,
				926F974D2A0E65D9007B9555 /* AppStore@2x.png in Resources */,
			);
			runOnlyForDeploymentPostprocessing = 0;
		};
/* End PBXResourcesBuildPhase section */

/* Begin PBXSourcesBuildPhase section */
		926F97222A0E3D17007B9555 /* Sources */ = {
			isa = PBXSourcesBuildPhase;
			buildActionMask = 2147483647;
			files = (
				92303D8D2A0E8BCE00C3CA9C /* PreferencesWindow.swift in Sources */,
				926F972C2A0E3D17007B9555 /* ContentView.swift in Sources */,
				926F972A2A0E3D17007B9555 /* Red_OcherApp.swift in Sources */,
			);
			runOnlyForDeploymentPostprocessing = 0;
		};
/* End PBXSourcesBuildPhase section */

/* Begin XCBuildConfiguration section */
		926F97332A0E3D18007B9555 /* Debug */ = {
			isa = XCBuildConfiguration;
			buildSettings = {
				ALWAYS_SEARCH_USER_PATHS = NO;
				CLANG_ANALYZER_NONNULL = YES;
				CLANG_ANALYZER_NUMBER_OBJECT_CONVERSION = YES_AGGRESSIVE;
				CLANG_CXX_LANGUAGE_STANDARD = "gnu++20";
				CLANG_ENABLE_MODULES = YES;
				CLANG_ENABLE_OBJC_ARC = YES;
				CLANG_ENABLE_OBJC_WEAK = YES;
				CLANG_WARN_BLOCK_CAPTURE_AUTORELEASING = YES;
				CLANG_WARN_BOOL_CONVERSION = YES;
				CLANG_WARN_COMMA = YES;
				CLANG_WARN_CONSTANT_CONVERSION = YES;
				CLANG_WARN_DEPRECATED_OBJC_IMPLEMENTATIONS = YES;
				CLANG_WARN_DIRECT_OBJC_ISA_USAGE = YES_ERROR;
				CLANG_WARN_DOCUMENTATION_COMMENTS = YES;
				CLANG_WARN_EMPTY_BODY = YES;
				CLANG_WARN_ENUM_CONVERSION = YES;
				CLANG_WARN_INFINITE_RECURSION = YES;
				CLANG_WARN_INT_CONVERSION = YES;
				CLANG_WARN_NON_LITERAL_NULL_CONVERSION = YES;
				CLANG_WARN_OBJC_IMPLICIT_RETAIN_SELF = YES;
				CLANG_WARN_OBJC_LITERAL_CONVERSION = YES;
				CLANG_WARN_OBJC_ROOT_CLASS = YES_ERROR;
				CLANG_WARN_QUOTED_INCLUDE_IN_FRAMEWORK_HEADER = YES;
				CLANG_WARN_RANGE_LOOP_ANALYSIS = YES;
				CLANG_WARN_STRICT_PROTOTYPES = YES;
				CLANG_WARN_SUSPICIOUS_MOVE = YES;
				CLANG_WARN_UNGUARDED_AVAILABILITY = YES_AGGRESSIVE;
				CLANG_WARN_UNREACHABLE_CODE = YES;
				CLANG_WARN__DUPLICATE_METHOD_MATCH = YES;
				COPY_PHASE_STRIP = NO;
				DEBUG_INFORMATION_FORMAT = dwarf;
				ENABLE_STRICT_OBJC_MSGSEND = YES;
				ENABLE_TESTABILITY = YES;
				GCC_C_LANGUAGE_STANDARD = gnu11;
				GCC_DYNAMIC_NO_PIC = NO;
				GCC_NO_COMMON_BLOCKS = YES;
				GCC_OPTIMIZATION_LEVEL = 0;
				GCC_PREPROCESSOR_DEFINITIONS = (
					"DEBUG=1",
					"$(inherited)",
				);
				GCC_WARN_64_TO_32_BIT_CONVERSION = YES;
				GCC_WARN_ABOUT_RETURN_TYPE = YES_ERROR;
				GCC_WARN_UNDECLARED_SELECTOR = YES;
				GCC_WARN_UNINITIALIZED_AUTOS = YES_AGGRESSIVE;
				GCC_WARN_UNUSED_FUNCTION = YES;
				GCC_WARN_UNUSED_VARIABLE = YES;
				MACOSX_DEPLOYMENT_TARGET = 12.6;
				MTL_ENABLE_DEBUG_INFO = INCLUDE_SOURCE;
				MTL_FAST_MATH = YES;
				ONLY_ACTIVE_ARCH = YES;
				SDKROOT = macosx;
				SWIFT_ACTIVE_COMPILATION_CONDITIONS = DEBUG;
				SWIFT_OPTIMIZATION_LEVEL = "-Onone";
			};
			name = Debug;
		};
		926F97342A0E3D18007B9555 /* Release */ = {
			isa = XCBuildConfiguration;
			buildSettings = {
				ALWAYS_SEARCH_USER_PATHS = NO;
				CLANG_ANALYZER_NONNULL = YES;
				CLANG_ANALYZER_NUMBER_OBJECT_CONVERSION = YES_AGGRESSIVE;
				CLANG_CXX_LANGUAGE_STANDARD = "gnu++20";
				CLANG_ENABLE_MODULES = YES;
				CLANG_ENABLE_OBJC_ARC = YES;
				CLANG_ENABLE_OBJC_WEAK = YES;
				CLANG_WARN_BLOCK_CAPTURE_AUTORELEASING = YES;
				CLANG_WARN_BOOL_CONVERSION = YES;
				CLANG_WARN_COMMA = YES;
				CLANG_WARN_CONSTANT_CONVERSION = YES;
				CLANG_WARN_DEPRECATED_OBJC_IMPLEMENTATIONS = YES;
				CLANG_WARN_DIRECT_OBJC_ISA_USAGE = YES_ERROR;
				CLANG_WARN_DOCUMENTATION_COMMENTS = YES;
				CLANG_WARN_EMPTY_BODY = YES;
				CLANG_WARN_ENUM_CONVERSION = YES;
				CLANG_WARN_INFINITE_RECURSION = YES;
				CLANG_WARN_INT_CONVERSION = YES;
				CLANG_WARN_NON_LITERAL_NULL_CONVERSION = YES;
				CLANG_WARN_OBJC_IMPLICIT_RETAIN_SELF = YES;
				CLANG_WARN_OBJC_LITERAL_CONVERSION = YES;
				CLANG_WARN_OBJC_ROOT_CLASS = YES_ERROR;
				CLANG_WARN_QUOTED_INCLUDE_IN_FRAMEWORK_HEADER = YES;
				CLANG_WARN_RANGE_LOOP_ANALYSIS = YES;
				CLANG_WARN_STRICT_PROTOTYPES = YES;
				CLANG_WARN_SUSPICIOUS_MOVE = YES;
				CLANG_WARN_UNGUARDED_AVAILABILITY = YES_AGGRESSIVE;
				CLANG_WARN_UNREACHABLE_CODE = YES;
				CLANG_WARN__DUPLICATE_METHOD_MATCH = YES;
				COPY_PHASE_STRIP = NO;
				DEBUG_INFORMATION_FORMAT = "dwarf-with-dsym";
				ENABLE_NS_ASSERTIONS = NO;
				ENABLE_STRICT_OBJC_MSGSEND = YES;
				GCC_C_LANGUAGE_STANDARD = gnu11;
				GCC_NO_COMMON_BLOCKS = YES;
				GCC_WARN_64_TO_32_BIT_CONVERSION = YES;
				GCC_WARN_ABOUT_RETURN_TYPE = YES_ERROR;
				GCC_WARN_UNDECLARED_SELECTOR = YES;
				GCC_WARN_UNINITIALIZED_AUTOS = YES_AGGRESSIVE;
				GCC_WARN_UNUSED_FUNCTION = YES;
				GCC_WARN_UNUSED_VARIABLE = YES;
				MACOSX_DEPLOYMENT_TARGET = 12.6;
				MTL_ENABLE_DEBUG_INFO = NO;
				MTL_FAST_MATH = YES;
				SDKROOT = macosx;
				SWIFT_COMPILATION_MODE = wholemodule;
				SWIFT_OPTIMIZATION_LEVEL = "-O";
			};
			name = Release;
		};
		926F97362A0E3D18007B9555 /* Debug */ = {
			isa = XCBuildConfiguration;
			buildSettings = {
				ASSETCATALOG_COMPILER_APPICON_NAME = AppIcon;
				ASSETCATALOG_COMPILER_GLOBAL_ACCENT_COLOR_NAME = AccentColor;
				CODE_SIGN_ENTITLEMENTS = "Red Ocher/Red_Ocher.entitlements";
				CODE_SIGN_STYLE = Automatic;
				COMBINE_HIDPI_IMAGES = YES;
				CURRENT_PROJECT_VERSION = 1;
				DEVELOPMENT_ASSET_PATHS = "\"Red Ocher/Preview Content\"";
				DEVELOPMENT_TEAM = G7B35X8K8R;
				ENABLE_HARDENED_RUNTIME = YES;
				ENABLE_PREVIEWS = YES;
				GENERATE_INFOPLIST_FILE = YES;
				INFOPLIST_KEY_LSUIElement = YES;
				INFOPLIST_KEY_NSHumanReadableCopyright = "";
				LD_RUNPATH_SEARCH_PATHS = (
					"$(inherited)",
					"@executable_path/../Frameworks",
				);
				MACOSX_DEPLOYMENT_TARGET = 10.15;
				MARKETING_VERSION = 1.0;
				PRODUCT_BUNDLE_IDENTIFIER = "com.deltoid.Red-Ocher";
				PRODUCT_NAME = "$(TARGET_NAME)";
				SWIFT_EMIT_LOC_STRINGS = YES;
				SWIFT_VERSION = 5.0;
			};
			name = Debug;
		};
		926F97372A0E3D18007B9555 /* Release */ = {
			isa = XCBuildConfiguration;
			buildSettings = {
				ASSETCATALOG_COMPILER_APPICON_NAME = AppIcon;
				ASSETCATALOG_COMPILER_GLOBAL_ACCENT_COLOR_NAME = AccentColor;
				CODE_SIGN_ENTITLEMENTS = "Red Ocher/Red_Ocher.entitlements";
				CODE_SIGN_STYLE = Automatic;
				COMBINE_HIDPI_IMAGES = YES;
				CURRENT_PROJECT_VERSION = 1;
				DEVELOPMENT_ASSET_PATHS = "\"Red Ocher/Preview Content\"";
				DEVELOPMENT_TEAM = G7B35X8K8R;
				ENABLE_HARDENED_RUNTIME = YES;
				ENABLE_PREVIEWS = YES;
				GENERATE_INFOPLIST_FILE = YES;
				INFOPLIST_KEY_LSUIElement = YES;
				INFOPLIST_KEY_NSHumanReadableCopyright = "";
				LD_RUNPATH_SEARCH_PATHS = (
					"$(inherited)",
					"@executable_path/../Frameworks",
				);
				MACOSX_DEPLOYMENT_TARGET = 10.15;
				MARKETING_VERSION = 1.0;
				PRODUCT_BUNDLE_IDENTIFIER = "com.deltoid.Red-Ocher";
				PRODUCT_NAME = "$(TARGET_NAME)";
				SWIFT_EMIT_LOC_STRINGS = YES;
				SWIFT_VERSION = 5.0;
			};
			name = Release;
		};
/* End XCBuildConfiguration section */

/* Begin XCConfigurationList section */
		926F97212A0E3D17007B9555 /* Build configuration list for PBXProject "Red Ocher" */ = {
			isa = XCConfigurationList;
			buildConfigurations = (
				926F97332A0E3D18007B9555 /* Debug */,
				926F97342A0E3D18007B9555 /* Release */,
			);
			defaultConfigurationIsVisible = 0;
			defaultConfigurationName = Release;
		};
		926F97352A0E3D18007B9555 /* Build configuration list for PBXNativeTarget "Red Ocher" */ = {
			isa = XCConfigurationList;
			buildConfigurations = (
				926F97362A0E3D18007B9555 /* Debug */,
				926F97372A0E3D18007B9555 /* Release */,
			);
			defaultConfigurationIsVisible = 0;
			defaultConfigurationName = Release;
		};
/* End XCConfigurationList section */
	};
	rootObject = 926F971E2A0E3D17007B9555 /* Project object */;
}
